// !$*UTF8*$!
{
	archiveVersion = 1;
	classes = {
	};
	objectVersion = 46;
	objects = {

/* Begin PBXBuildFile section */
		5D3203201C4EF7FB00C9DC01 /* main.m in Sources */ = {isa = PBXBuildFile; fileRef = 5D32031F1C4EF7FB00C9DC01 /* main.m */; };
		5D3203231C4EF7FB00C9DC01 /* AppDelegate.m in Sources */ = {isa = PBXBuildFile; fileRef = 5D3203221C4EF7FB00C9DC01 /* AppDelegate.m */; };
		5D3203261C4EF7FB00C9DC01 /* ViewController.m in Sources */ = {isa = PBXBuildFile; fileRef = 5D3203251C4EF7FB00C9DC01 /* ViewController.m */; };
		5D3203291C4EF7FB00C9DC01 /* Main.storyboard in Resources */ = {isa = PBXBuildFile; fileRef = 5D3203271C4EF7FB00C9DC01 /* Main.storyboard */; };
		5D32032B1C4EF7FB00C9DC01 /* Assets.xcassets in Resources */ = {isa = PBXBuildFile; fileRef = 5D32032A1C4EF7FB00C9DC01 /* Assets.xcassets */; };
		5D32032E1C4EF7FB00C9DC01 /* LaunchScreen.storyboard in Resources */ = {isa = PBXBuildFile; fileRef = 5D32032C1C4EF7FB00C9DC01 /* LaunchScreen.storyboard */; };
		5D3203371C4EF8C800C9DC01 /* MagicalCreature.m in Sources */ = {isa = PBXBuildFile; fileRef = 5D3203361C4EF8C800C9DC01 /* MagicalCreature.m */; };
		5D32033A1C4F039A00C9DC01 /* CreatureVCViewController.m in Sources */ = {isa = PBXBuildFile; fileRef = 5D3203391C4F039A00C9DC01 /* CreatureVCViewController.m */; };
		5D32033C1C4F234C00C9DC01 /* images.jpg in Resources */ = {isa = PBXBuildFile; fileRef = 5D32033B1C4F234C00C9DC01 /* images.jpg */; };
		5D3203531C4F276700C9DC01 /* 0.jpg in Resources */ = {isa = PBXBuildFile; fileRef = 5D32033D1C4F276700C9DC01 /* 0.jpg */; };
		5D3203541C4F276700C9DC01 /* 1.jpg in Resources */ = {isa = PBXBuildFile; fileRef = 5D32033E1C4F276700C9DC01 /* 1.jpg */; };
		5D3203551C4F276700C9DC01 /* 2.jpg in Resources */ = {isa = PBXBuildFile; fileRef = 5D32033F1C4F276700C9DC01 /* 2.jpg */; };
		5D3203561C4F276700C9DC01 /* 3.jpg in Resources */ = {isa = PBXBuildFile; fileRef = 5D3203401C4F276700C9DC01 /* 3.jpg */; };
		5D3203571C4F276700C9DC01 /* 4.jpg in Resources */ = {isa = PBXBuildFile; fileRef = 5D3203411C4F276700C9DC01 /* 4.jpg */; };
		5D3203581C4F276700C9DC01 /* 5.jpg in Resources */ = {isa = PBXBuildFile; fileRef = 5D3203421C4F276700C9DC01 /* 5.jpg */; };
		5D3203591C4F276700C9DC01 /* 6.jpg in Resources */ = {isa = PBXBuildFile; fileRef = 5D3203431C4F276700C9DC01 /* 6.jpg */; };
		5D32035A1C4F276700C9DC01 /* 7.jpg in Resources */ = {isa = PBXBuildFile; fileRef = 5D3203441C4F276700C9DC01 /* 7.jpg */; };
		5D32035B1C4F276700C9DC01 /* 8.jpg in Resources */ = {isa = PBXBuildFile; fileRef = 5D3203451C4F276700C9DC01 /* 8.jpg */; };
		5D32035C1C4F276700C9DC01 /* 9.jpg in Resources */ = {isa = PBXBuildFile; fileRef = 5D3203461C4F276700C9DC01 /* 9.jpg */; };
		5D32035D1C4F276700C9DC01 /* 10.jpg in Resources */ = {isa = PBXBuildFile; fileRef = 5D3203471C4F276700C9DC01 /* 10.jpg */; };
		5D32035E1C4F276700C9DC01 /* 11.jpg in Resources */ = {isa = PBXBuildFile; fileRef = 5D3203481C4F276700C9DC01 /* 11.jpg */; };
		5D32035F1C4F276700C9DC01 /* 12.jpg in Resources */ = {isa = PBXBuildFile; fileRef = 5D3203491C4F276700C9DC01 /* 12.jpg */; };
		5D3203601C4F276700C9DC01 /* 13.jpg in Resources */ = {isa = PBXBuildFile; fileRef = 5D32034A1C4F276700C9DC01 /* 13.jpg */; };
		5D3203611C4F276700C9DC01 /* 14.jpg in Resources */ = {isa = PBXBuildFile; fileRef = 5D32034B1C4F276700C9DC01 /* 14.jpg */; };
		5D3203621C4F276700C9DC01 /* 15.jpg in Resources */ = {isa = PBXBuildFile; fileRef = 5D32034C1C4F276700C9DC01 /* 15.jpg */; };
		5D3203631C4F276700C9DC01 /* 16.jpg in Resources */ = {isa = PBXBuildFile; fileRef = 5D32034D1C4F276700C9DC01 /* 16.jpg */; };
		5D3203641C4F276700C9DC01 /* 17.jpg in Resources */ = {isa = PBXBuildFile; fileRef = 5D32034E1C4F276700C9DC01 /* 17.jpg */; };
		5D3203651C4F276700C9DC01 /* 18.jpg in Resources */ = {isa = PBXBuildFile; fileRef = 5D32034F1C4F276700C9DC01 /* 18.jpg */; };
		5D3203661C4F276700C9DC01 /* 19.jpg in Resources */ = {isa = PBXBuildFile; fileRef = 5D3203501C4F276700C9DC01 /* 19.jpg */; };
		5D3203671C4F276700C9DC01 /* 20.jpg in Resources */ = {isa = PBXBuildFile; fileRef = 5D3203511C4F276700C9DC01 /* 20.jpg */; };
		5D3203681C4F276700C9DC01 /* 21.jpg in Resources */ = {isa = PBXBuildFile; fileRef = 5D3203521C4F276700C9DC01 /* 21.jpg */; };
/* End PBXBuildFile section */

/* Begin PBXFileReference section */
		5D32031B1C4EF7FB00C9DC01 /* WeekTwoDayTwo.app */ = {isa = PBXFileReference; explicitFileType = wrapper.application; includeInIndex = 0; path = WeekTwoDayTwo.app; sourceTree = BUILT_PRODUCTS_DIR; };
		5D32031F1C4EF7FB00C9DC01 /* main.m */ = {isa = PBXFileReference; lastKnownFileType = sourcecode.c.objc; path = main.m; sourceTree = "<group>"; };
		5D3203211C4EF7FB00C9DC01 /* AppDelegate.h */ = {isa = PBXFileReference; lastKnownFileType = sourcecode.c.h; path = AppDelegate.h; sourceTree = "<group>"; };
		5D3203221C4EF7FB00C9DC01 /* AppDelegate.m */ = {isa = PBXFileReference; lastKnownFileType = sourcecode.c.objc; path = AppDelegate.m; sourceTree = "<group>"; };
		5D3203241C4EF7FB00C9DC01 /* ViewController.h */ = {isa = PBXFileReference; lastKnownFileType = sourcecode.c.h; path = ViewController.h; sourceTree = "<group>"; };
		5D3203251C4EF7FB00C9DC01 /* ViewController.m */ = {isa = PBXFileReference; lastKnownFileType = sourcecode.c.objc; path = ViewController.m; sourceTree = "<group>"; };
		5D3203281C4EF7FB00C9DC01 /* Base */ = {isa = PBXFileReference; lastKnownFileType = file.storyboard; name = Base; path = Base.lproj/Main.storyboard; sourceTree = "<group>"; };
		5D32032A1C4EF7FB00C9DC01 /* Assets.xcassets */ = {isa = PBXFileReference; lastKnownFileType = folder.assetcatalog; path = Assets.xcassets; sourceTree = "<group>"; };
		5D32032D1C4EF7FB00C9DC01 /* Base */ = {isa = PBXFileReference; lastKnownFileType = file.storyboard; name = Base; path = Base.lproj/LaunchScreen.storyboard; sourceTree = "<group>"; };
		5D32032F1C4EF7FB00C9DC01 /* Info.plist */ = {isa = PBXFileReference; lastKnownFileType = text.plist.xml; path = Info.plist; sourceTree = "<group>"; };
		5D3203351C4EF8C800C9DC01 /* MagicalCreature.h */ = {isa = PBXFileReference; fileEncoding = 4; lastKnownFileType = sourcecode.c.h; path = MagicalCreature.h; sourceTree = "<group>"; };
		5D3203361C4EF8C800C9DC01 /* MagicalCreature.m */ = {isa = PBXFileReference; fileEncoding = 4; lastKnownFileType = sourcecode.c.objc; path = MagicalCreature.m; sourceTree = "<group>"; };
		5D3203381C4F039A00C9DC01 /* CreatureVCViewController.h */ = {isa = PBXFileReference; fileEncoding = 4; lastKnownFileType = sourcecode.c.h; path = CreatureVCViewController.h; sourceTree = "<group>"; };
		5D3203391C4F039A00C9DC01 /* CreatureVCViewController.m */ = {isa = PBXFileReference; fileEncoding = 4; lastKnownFileType = sourcecode.c.objc; path = CreatureVCViewController.m; sourceTree = "<group>"; };
		5D32033B1C4F234C00C9DC01 /* images.jpg */ = {isa = PBXFileReference; lastKnownFileType = image.jpeg; path = images.jpg; sourceTree = "<group>"; };
		5D32033D1C4F276700C9DC01 /* 0.jpg */ = {isa = PBXFileReference; lastKnownFileType = image.jpeg; path = 0.jpg; sourceTree = "<group>"; };
		5D32033E1C4F276700C9DC01 /* 1.jpg */ = {isa = PBXFileReference; lastKnownFileType = image.jpeg; path = 1.jpg; sourceTree = "<group>"; };
		5D32033F1C4F276700C9DC01 /* 2.jpg */ = {isa = PBXFileReference; lastKnownFileType = image.jpeg; path = 2.jpg; sourceTree = "<group>"; };
		5D3203401C4F276700C9DC01 /* 3.jpg */ = {isa = PBXFileReference; lastKnownFileType = image.jpeg; path = 3.jpg; sourceTree = "<group>"; };
		5D3203411C4F276700C9DC01 /* 4.jpg */ = {isa = PBXFileReference; lastKnownFileType = image.jpeg; path = 4.jpg; sourceTree = "<group>"; };
		5D3203421C4F276700C9DC01 /* 5.jpg */ = {isa = PBXFileReference; lastKnownFileType = image.jpeg; path = 5.jpg; sourceTree = "<group>"; };
		5D3203431C4F276700C9DC01 /* 6.jpg */ = {isa = PBXFileReference; lastKnownFileType = image.jpeg; path = 6.jpg; sourceTree = "<group>"; };
		5D3203441C4F276700C9DC01 /* 7.jpg */ = {isa = PBXFileReference; lastKnownFileType = image.jpeg; path = 7.jpg; sourceTree = "<group>"; };
		5D3203451C4F276700C9DC01 /* 8.jpg */ = {isa = PBXFileReference; lastKnownFileType = image.jpeg; path = 8.jpg; sourceTree = "<group>"; };
		5D3203461C4F276700C9DC01 /* 9.jpg */ = {isa = PBXFileReference; lastKnownFileType = image.jpeg; path = 9.jpg; sourceTree = "<group>"; };
		5D3203471C4F276700C9DC01 /* 10.jpg */ = {isa = PBXFileReference; lastKnownFileType = image.jpeg; path = 10.jpg; sourceTree = "<group>"; };
		5D3203481C4F276700C9DC01 /* 11.jpg */ = {isa = PBXFileReference; lastKnownFileType = image.jpeg; path = 11.jpg; sourceTree = "<group>"; };
		5D3203491C4F276700C9DC01 /* 12.jpg */ = {isa = PBXFileReference; lastKnownFileType = image.jpeg; path = 12.jpg; sourceTree = "<group>"; };
		5D32034A1C4F276700C9DC01 /* 13.jpg */ = {isa = PBXFileReference; lastKnownFileType = image.jpeg; path = 13.jpg; sourceTree = "<group>"; };
		5D32034B1C4F276700C9DC01 /* 14.jpg */ = {isa = PBXFileReference; lastKnownFileType = image.jpeg; path = 14.jpg; sourceTree = "<group>"; };
		5D32034C1C4F276700C9DC01 /* 15.jpg */ = {isa = PBXFileReference; lastKnownFileType = image.jpeg; path = 15.jpg; sourceTree = "<group>"; };
		5D32034D1C4F276700C9DC01 /* 16.jpg */ = {isa = PBXFileReference; lastKnownFileType = image.jpeg; path = 16.jpg; sourceTree = "<group>"; };
		5D32034E1C4F276700C9DC01 /* 17.jpg */ = {isa = PBXFileReference; lastKnownFileType = image.jpeg; path = 17.jpg; sourceTree = "<group>"; };
		5D32034F1C4F276700C9DC01 /* 18.jpg */ = {isa = PBXFileReference; lastKnownFileType = image.jpeg; path = 18.jpg; sourceTree = "<group>"; };
		5D3203501C4F276700C9DC01 /* 19.jpg */ = {isa = PBXFileReference; lastKnownFileType = image.jpeg; path = 19.jpg; sourceTree = "<group>"; };
		5D3203511C4F276700C9DC01 /* 20.jpg */ = {isa = PBXFileReference; lastKnownFileType = image.jpeg; path = 20.jpg; sourceTree = "<group>"; };
		5D3203521C4F276700C9DC01 /* 21.jpg */ = {isa = PBXFileReference; lastKnownFileType = image.jpeg; path = 21.jpg; sourceTree = "<group>"; };
/* End PBXFileReference section */

/* Begin PBXFrameworksBuildPhase section */
		5D3203181C4EF7FB00C9DC01 /* Frameworks */ = {
			isa = PBXFrameworksBuildPhase;
			buildActionMask = 2147483647;
			files = (
			);
			runOnlyForDeploymentPostprocessing = 0;
		};
/* End PBXFrameworksBuildPhase section */

/* Begin PBXGroup section */
		5D3203121C4EF7FB00C9DC01 = {
			isa = PBXGroup;
			children = (
				5D32031D1C4EF7FB00C9DC01 /* WeekTwoDayTwo */,
				5D32031C1C4EF7FB00C9DC01 /* Products */,
			);
			sourceTree = "<group>";
		};
		5D32031C1C4EF7FB00C9DC01 /* Products */ = {
			isa = PBXGroup;
			children = (
				5D32031B1C4EF7FB00C9DC01 /* WeekTwoDayTwo.app */,
			);
			name = Products;
			sourceTree = "<group>";
		};
		5D32031D1C4EF7FB00C9DC01 /* WeekTwoDayTwo */ = {
			isa = PBXGroup;
			children = (
				5D3203211C4EF7FB00C9DC01 /* AppDelegate.h */,
				5D3203221C4EF7FB00C9DC01 /* AppDelegate.m */,
				5D3203241C4EF7FB00C9DC01 /* ViewController.h */,
				5D3203251C4EF7FB00C9DC01 /* ViewController.m */,
				5D3203351C4EF8C800C9DC01 /* MagicalCreature.h */,
				5D3203361C4EF8C800C9DC01 /* MagicalCreature.m */,
				5D3203271C4EF7FB00C9DC01 /* Main.storyboard */,
				5D3203381C4F039A00C9DC01 /* CreatureVCViewController.h */,
				5D3203391C4F039A00C9DC01 /* CreatureVCViewController.m */,
				5D32032A1C4EF7FB00C9DC01 /* Assets.xcassets */,
				5D32033D1C4F276700C9DC01 /* 0.jpg */,
				5D32033E1C4F276700C9DC01 /* 1.jpg */,
				5D32033F1C4F276700C9DC01 /* 2.jpg */,
				5D3203401C4F276700C9DC01 /* 3.jpg */,
				5D3203411C4F276700C9DC01 /* 4.jpg */,
				5D3203421C4F276700C9DC01 /* 5.jpg */,
				5D3203431C4F276700C9DC01 /* 6.jpg */,
				5D3203441C4F276700C9DC01 /* 7.jpg */,
				5D3203451C4F276700C9DC01 /* 8.jpg */,
				5D3203461C4F276700C9DC01 /* 9.jpg */,
				5D3203471C4F276700C9DC01 /* 10.jpg */,
				5D3203481C4F276700C9DC01 /* 11.jpg */,
				5D3203491C4F276700C9DC01 /* 12.jpg */,
				5D32034A1C4F276700C9DC01 /* 13.jpg */,
				5D32034B1C4F276700C9DC01 /* 14.jpg */,
				5D32034C1C4F276700C9DC01 /* 15.jpg */,
				5D32034D1C4F276700C9DC01 /* 16.jpg */,
				5D32034E1C4F276700C9DC01 /* 17.jpg */,
				5D32034F1C4F276700C9DC01 /* 18.jpg */,
				5D3203501C4F276700C9DC01 /* 19.jpg */,
				5D3203511C4F276700C9DC01 /* 20.jpg */,
				5D3203521C4F276700C9DC01 /* 21.jpg */,
				5D32033B1C4F234C00C9DC01 /* images.jpg */,
				5D32032C1C4EF7FB00C9DC01 /* LaunchScreen.storyboard */,
				5D32032F1C4EF7FB00C9DC01 /* Info.plist */,
				5D32031E1C4EF7FB00C9DC01 /* Supporting Files */,
			);
			path = WeekTwoDayTwo;
			sourceTree = "<group>";
		};
		5D32031E1C4EF7FB00C9DC01 /* Supporting Files */ = {
			isa = PBXGroup;
			children = (
				5D32031F1C4EF7FB00C9DC01 /* main.m */,
			);
			name = "Supporting Files";
			sourceTree = "<group>";
		};
/* End PBXGroup section */

/* Begin PBXNativeTarget section */
		5D32031A1C4EF7FB00C9DC01 /* WeekTwoDayTwo */ = {
			isa = PBXNativeTarget;
			buildConfigurationList = 5D3203321C4EF7FB00C9DC01 /* Build configuration list for PBXNativeTarget "WeekTwoDayTwo" */;
			buildPhases = (
				5D3203171C4EF7FB00C9DC01 /* Sources */,
				5D3203181C4EF7FB00C9DC01 /* Frameworks */,
				5D3203191C4EF7FB00C9DC01 /* Resources */,
			);
			buildRules = (
			);
			dependencies = (
			);
			name = WeekTwoDayTwo;
			productName = WeekTwoDayTwo;
			productReference = 5D32031B1C4EF7FB00C9DC01 /* WeekTwoDayTwo.app */;
			productType = "com.apple.product-type.application";
		};
/* End PBXNativeTarget section */

/* Begin PBXProject section */
		5D3203131C4EF7FB00C9DC01 /* Project object */ = {
			isa = PBXProject;
			attributes = {
				LastUpgradeCheck = 0720;
				ORGANIZATIONNAME = "M1ndful M3d1a";
				TargetAttributes = {
					5D32031A1C4EF7FB00C9DC01 = {
						CreatedOnToolsVersion = 7.2;
					};
				};
			};
			buildConfigurationList = 5D3203161C4EF7FB00C9DC01 /* Build configuration list for PBXProject "WeekTwoDayTwo" */;
			compatibilityVersion = "Xcode 3.2";
			developmentRegion = English;
			hasScannedForEncodings = 0;
			knownRegions = (
				en,
				Base,
			);
			mainGroup = 5D3203121C4EF7FB00C9DC01;
			productRefGroup = 5D32031C1C4EF7FB00C9DC01 /* Products */;
			projectDirPath = "";
			projectRoot = "";
			targets = (
				5D32031A1C4EF7FB00C9DC01 /* WeekTwoDayTwo */,
			);
		};
/* End PBXProject section */

/* Begin PBXResourcesBuildPhase section */
		5D3203191C4EF7FB00C9DC01 /* Resources */ = {
			isa = PBXResourcesBuildPhase;
			buildActionMask = 2147483647;
			files = (
				5D3203681C4F276700C9DC01 /* 21.jpg in Resources */,
				5D3203651C4F276700C9DC01 /* 18.jpg in Resources */,
				5D3203591C4F276700C9DC01 /* 6.jpg in Resources */,
				5D3203601C4F276700C9DC01 /* 13.jpg in Resources */,
				5D32032E1C4EF7FB00C9DC01 /* LaunchScreen.storyboard in Resources */,
				5D32035F1C4F276700C9DC01 /* 12.jpg in Resources */,
				5D3203671C4F276700C9DC01 /* 20.jpg in Resources */,
				5D3203631C4F276700C9DC01 /* 16.jpg in Resources */,
				5D3203581C4F276700C9DC01 /* 5.jpg in Resources */,
				5D3203661C4F276700C9DC01 /* 19.jpg in Resources */,
				5D32035A1C4F276700C9DC01 /* 7.jpg in Resources */,
				5D3203531C4F276700C9DC01 /* 0.jpg in Resources */,
				5D32035B1C4F276700C9DC01 /* 8.jpg in Resources */,
				5D3203551C4F276700C9DC01 /* 2.jpg in Resources */,
				5D32035E1C4F276700C9DC01 /* 11.jpg in Resources */,
				5D32032B1C4EF7FB00C9DC01 /* Assets.xcassets in Resources */,
				5D3203541C4F276700C9DC01 /* 1.jpg in Resources */,
				5D32035C1C4F276700C9DC01 /* 9.jpg in Resources */,
				5D32035D1C4F276700C9DC01 /* 10.jpg in Resources */,
				5D3203641C4F276700C9DC01 /* 17.jpg in Resources */,
				5D3203291C4EF7FB00C9DC01 /* Main.storyboard in Resources */,
				5D3203621C4F276700C9DC01 /* 15.jpg in Resources */,
				5D3203611C4F276700C9DC01 /* 14.jpg in Resources */,
				5D3203571C4F276700C9DC01 /* 4.jpg in Resources */,
				5D32033C1C4F234C00C9DC01 /* images.jpg in Resources */,
				5D3203561C4F276700C9DC01 /* 3.jpg in Resources */,
			);
			runOnlyForDeploymentPostprocessing = 0;
		};
/* End PBXResourcesBuildPhase section */

/* Begin PBXSourcesBuildPhase section */
		5D3203171C4EF7FB00C9DC01 /* Sources */ = {
			isa = PBXSourcesBuildPhase;
			buildActionMask = 2147483647;
			files = (
				5D3203261C4EF7FB00C9DC01 /* ViewController.m in Sources */,
				5D32033A1C4F039A00C9DC01 /* CreatureVCViewController.m in Sources */,
				5D3203371C4EF8C800C9DC01 /* MagicalCreature.m in Sources */,
				5D3203231C4EF7FB00C9DC01 /* AppDelegate.m in Sources */,
				5D3203201C4EF7FB00C9DC01 /* main.m in Sources */,
			);
			runOnlyForDeploymentPostprocessing = 0;
		};
/* End PBXSourcesBuildPhase section */

/* Begin PBXVariantGroup section */
		5D3203271C4EF7FB00C9DC01 /* Main.storyboard */ = {
			isa = PBXVariantGroup;
			children = (
				5D3203281C4EF7FB00C9DC01 /* Base */,
			);
			name = Main.storyboard;
			sourceTree = "<group>";
		};
		5D32032C1C4EF7FB00C9DC01 /* LaunchScreen.storyboard */ = {
			isa = PBXVariantGroup;
			children = (
				5D32032D1C4EF7FB00C9DC01 /* Base */,
			);
			name = LaunchScreen.storyboard;
			sourceTree = "<group>";
		};
/* End PBXVariantGroup section */

/* Begin XCBuildConfiguration section */
		5D3203301C4EF7FB00C9DC01 /* Debug */ = {
			isa = XCBuildConfiguration;
			buildSettings = {
				ALWAYS_SEARCH_USER_PATHS = NO;
				CLANG_CXX_LANGUAGE_STANDARD = "gnu++0x";
				CLANG_CXX_LIBRARY = "libc++";
				CLANG_ENABLE_MODULES = YES;
				CLANG_ENABLE_OBJC_ARC = YES;
				CLANG_WARN_BOOL_CONVERSION = YES;
				CLANG_WARN_CONSTANT_CONVERSION = YES;
				CLANG_WARN_DIRECT_OBJC_ISA_USAGE = YES_ERROR;
				CLANG_WARN_EMPTY_BODY = YES;
				CLANG_WARN_ENUM_CONVERSION = YES;
				CLANG_WARN_INT_CONVERSION = YES;
				CLANG_WARN_OBJC_ROOT_CLASS = YES_ERROR;
				CLANG_WARN_UNREACHABLE_CODE = YES;
				CLANG_WARN__DUPLICATE_METHOD_MATCH = YES;
				"CODE_SIGN_IDENTITY[sdk=iphoneos*]" = "iPhone Developer";
				COPY_PHASE_STRIP = NO;
				DEBUG_INFORMATION_FORMAT = dwarf;
				ENABLE_STRICT_OBJC_MSGSEND = YES;
				ENABLE_TESTABILITY = YES;
				GCC_C_LANGUAGE_STANDARD = gnu99;
				GCC_DYNAMIC_NO_PIC = NO;
				GCC_NO_COMMON_BLOCKS = YES;
				GCC_OPTIMIZATION_LEVEL = 0;
				GCC_PREPROCESSOR_DEFINITIONS = (
					"DEBUG=1",
					"$(inherited)",
				);
				GCC_WARN_64_TO_32_BIT_CONVERSION = YES;
				GCC_WARN_ABOUT_RETURN_TYPE = YES_ERROR;
				GCC_WARN_UNDECLARED_SELECTOR = YES;
				GCC_WARN_UNINITIALIZED_AUTOS = YES_AGGRESSIVE;
				GCC_WARN_UNUSED_FUNCTION = YES;
				GCC_WARN_UNUSED_VARIABLE = YES;
				IPHONEOS_DEPLOYMENT_TARGET = 9.2;
				MTL_ENABLE_DEBUG_INFO = YES;
				ONLY_ACTIVE_ARCH = YES;
				SDKROOT = iphoneos;
			};
			name = Debug;
		};
		5D3203311C4EF7FB00C9DC01 /* Release */ = {
			isa = XCBuildConfiguration;
			buildSettings = {
				ALWAYS_SEARCH_USER_PATHS = NO;
				CLANG_CXX_LANGUAGE_STANDARD = "gnu++0x";
				CLANG_CXX_LIBRARY = "libc++";
				CLANG_ENABLE_MODULES = YES;
				CLANG_ENABLE_OBJC_ARC = YES;
				CLANG_WARN_BOOL_CONVERSION = YES;
				CLANG_WARN_CONSTANT_CONVERSION = YES;
				CLANG_WARN_DIRECT_OBJC_ISA_USAGE = YES_ERROR;
				CLANG_WARN_EMPTY_BODY = YES;
				CLANG_WARN_ENUM_CONVERSION = YES;
				CLANG_WARN_INT_CONVERSION = YES;
				CLANG_WARN_OBJC_ROOT_CLASS = YES_ERROR;
				CLANG_WARN_UNREACHABLE_CODE = YES;
				CLANG_WARN__DUPLICATE_METHOD_MATCH = YES;
				"CODE_SIGN_IDENTITY[sdk=iphoneos*]" = "iPhone Developer";
				COPY_PHASE_STRIP = NO;
				DEBUG_INFORMATION_FORMAT = "dwarf-with-dsym";
				ENABLE_NS_ASSERTIONS = NO;
				ENABLE_STRICT_OBJC_MSGSEND = YES;
				GCC_C_LANGUAGE_STANDARD = gnu99;
				GCC_NO_COMMON_BLOCKS = YES;
				GCC_WARN_64_TO_32_BIT_CONVERSION = YES;
				GCC_WARN_ABOUT_RETURN_TYPE = YES_ERROR;
				GCC_WARN_UNDECLARED_SELECTOR = YES;
				GCC_WARN_UNINITIALIZED_AUTOS = YES_AGGRESSIVE;
				GCC_WARN_UNUSED_FUNCTION = YES;
				GCC_WARN_UNUSED_VARIABLE = YES;
				IPHONEOS_DEPLOYMENT_TARGET = 9.2;
				MTL_ENABLE_DEBUG_INFO = NO;
				SDKROOT = iphoneos;
				VALIDATE_PRODUCT = YES;
			};
			name = Release;
		};
		5D3203331C4EF7FB00C9DC01 /* Debug */ = {
			isa = XCBuildConfiguration;
			buildSettings = {
				ASSETCATALOG_COMPILER_APPICON_NAME = AppIcon;
				INFOPLIST_FILE = WeekTwoDayTwo/Info.plist;
				LD_RUNPATH_SEARCH_PATHS = "$(inherited) @executable_path/Frameworks";
				PRODUCT_BUNDLE_IDENTIFIER = com.jn4m4573.com.WeekTwoDayTwo;
				PRODUCT_NAME = "$(TARGET_NAME)";
			};
			name = Debug;
		};
		5D3203341C4EF7FB00C9DC01 /* Release */ = {
			isa = XCBuildConfiguration;
			buildSettings = {
				ASSETCATALOG_COMPILER_APPICON_NAME = AppIcon;
				INFOPLIST_FILE = WeekTwoDayTwo/Info.plist;
				LD_RUNPATH_SEARCH_PATHS = "$(inherited) @executable_path/Frameworks";
				PRODUCT_BUNDLE_IDENTIFIER = com.jn4m4573.com.WeekTwoDayTwo;
				PRODUCT_NAME = "$(TARGET_NAME)";
			};
			name = Release;
		};
/* End XCBuildConfiguration section */

/* Begin XCConfigurationList section */
		5D3203161C4EF7FB00C9DC01 /* Build configuration list for PBXProject "WeekTwoDayTwo" */ = {
			isa = XCConfigurationList;
			buildConfigurations = (
				5D3203301C4EF7FB00C9DC01 /* Debug */,
				5D3203311C4EF7FB00C9DC01 /* Release */,
			);
			defaultConfigurationIsVisible = 0;
			defaultConfigurationName = Release;
		};
		5D3203321C4EF7FB00C9DC01 /* Build configuration list for PBXNativeTarget "WeekTwoDayTwo" */ = {
			isa = XCConfigurationList;
			buildConfigurations = (
				5D3203331C4EF7FB00C9DC01 /* Debug */,
				5D3203341C4EF7FB00C9DC01 /* Release */,
			);
			defaultConfigurationIsVisible = 0;
		};
/* End XCConfigurationList section */
	};
	rootObject = 5D3203131C4EF7FB00C9DC01 /* Project object */;
}
